
Microsoft Visual Studio Solution File, Format Version 12.00
# Visual Studio Version 16
VisualStudioVersion = 16.0.29326.143
MinimumVisualStudioVersion = 15.0.26124.0
Project("{FAE04EC0-301F-11D3-BF4B-00C04F79EFBC}") = "Dotnet.GRPC.Application", "src\Dotnet.GRPC.Application\Dotnet.GRPC.Application.csproj", "{6531B1A8-9EFC-4BF5-8BA0-BA6041CF11EE}"
EndProject
Global
	GlobalSection(SolutionConfigurationPlatforms) = preSolution
		Debug|Any CPU = Debug|Any CPU
		Debug|x64 = Debug|x64
		Debug|x86 = Debug|x86
		Release|Any CPU = Release|Any CPU
		Release|x64 = Release|x64
		Release|x86 = Release|x86
	EndGlobalSection
	GlobalSection(ProjectConfigurationPlatforms) = postSolution
		{6531B1A8-9EFC-4BF5-8BA0-BA6041CF11EE}.Debug|Any CPU.ActiveCfg = Debug|Any CPU
		{6531B1A8-9EFC-4BF5-8BA0-BA6041CF11EE}.Debug|Any CPU.Build.0 = Debug|Any CPU
		{6531B1A8-9EFC-4BF5-8BA0-BA6041CF11EE}.Debug|x64.ActiveCfg = Debug|Any CPU
		{6531B1A8-9EFC-4BF5-8BA0-BA6041CF11EE}.Debug|x64.Build.0 = Debug|Any CPU
		{6531B1A8-9EFC-4BF5-8BA0-BA6041CF11EE}.Debug|x86.ActiveCfg = Debug|Any CPU
		{6531B1A8-9EFC-4BF5-8BA0-BA6041CF11EE}.Debug|x86.Build.0 = Debug|Any CPU
		{6531B1A8-9EFC-4BF5-8BA0-BA6041CF11EE}.Release|Any CPU.ActiveCfg = Release|Any CPU
		{6531B1A8-9EFC-4BF5-8BA0-BA6041CF11EE}.Release|Any CPU.Build.0 = Release|Any CPU
		{6531B1A8-9EFC-4BF5-8BA0-BA6041CF11EE}.Release|x64.ActiveCfg = Release|Any CPU
		{6531B1A8-9EFC-4BF5-8BA0-BA6041CF11EE}.Release|x64.Build.0 = Release|Any CPU
		{6531B1A8-9EFC-4BF5-8BA0-BA6041CF11EE}.Release|x86.ActiveCfg = Release|Any CPU
		{6531B1A8-9EFC-4BF5-8BA0-BA6041CF11EE}.Release|x86.Build.0 = Release|Any CPU
	EndGlobalSection
	GlobalSection(SolutionProperties) = preSolution
		HideSolutionNode = FALSE
	EndGlobalSection
	GlobalSection(ExtensibilityGlobals) = postSolution
		SolutionGuid = {E3D98A0E-DD88-45FA-82A3-9A01ADED489C}
	EndGlobalSection
EndGlobal
